
Microsoft Visual Studio Solution File, Format Version 12.00
# Visual Studio 15
VisualStudioVersion = 15.0.28010.2003
MinimumVisualStudioVersion = 10.0.40219.1
Project("{9A19103F-16F7-4668-BE54-9A1E7A4F7556}") = "accountapi", "accountapi\accountapi.csproj", "{B2439303-59A2-4E30-BFED-C04EC8B3B272}"
EndProject
Project("{9A19103F-16F7-4668-BE54-9A1E7A4F7556}") = "accountapi_test", "accountapi_test\accountapi_test.csproj", "{617CB08F-6A48-4FB1-B2F8-632BAD45D8BA}"
EndProject
Global
	GlobalSection(SolutionConfigurationPlatforms) = preSolution
		Debug|Any CPU = Debug|Any CPU
		Release|Any CPU = Release|Any CPU
	EndGlobalSection
	GlobalSection(ProjectConfigurationPlatforms) = postSolution
		{B2439303-59A2-4E30-BFED-C04EC8B3B272}.Debug|Any CPU.ActiveCfg = Debug|Any CPU
		{B2439303-59A2-4E30-BFED-C04EC8B3B272}.Debug|Any CPU.Build.0 = Debug|Any CPU
		{B2439303-59A2-4E30-BFED-C04EC8B3B272}.Release|Any CPU.ActiveCfg = Release|Any CPU
		{B2439303-59A2-4E30-BFED-C04EC8B3B272}.Release|Any CPU.Build.0 = Release|Any CPU
		{617CB08F-6A48-4FB1-B2F8-632BAD45D8BA}.Debug|Any CPU.ActiveCfg = Debug|Any CPU
		{617CB08F-6A48-4FB1-B2F8-632BAD45D8BA}.Debug|Any CPU.Build.0 = Debug|Any CPU
		{617CB08F-6A48-4FB1-B2F8-632BAD45D8BA}.Release|Any CPU.ActiveCfg = Release|Any CPU
		{617CB08F-6A48-4FB1-B2F8-632BAD45D8BA}.Release|Any CPU.Build.0 = Release|Any CPU
	EndGlobalSection
	GlobalSection(SolutionProperties) = preSolution
		HideSolutionNode = FALSE
	EndGlobalSection
	GlobalSection(ExtensibilityGlobals) = postSolution
		SolutionGuid = {2D3896CB-F7DC-4613-BAB9-4560D08EA9EF}
	EndGlobalSection
EndGlobal
